
Microsoft Visual Studio Solution File, Format Version 12.00
# Visual Studio Version 17
VisualStudioVersion = 17.11.35303.130
MinimumVisualStudioVersion = 10.0.40219.1
Project("{2150E333-8FDC-42A3-9474-1A3956D46DE8}") = "Task0", "Task0", "{835E0CE9-3C84-48C9-9C0D-229B2E610B3D}"
EndProject
Project("{9A19103F-16F7-4668-BE54-9A1E7A4F7556}") = "Tyuiu.NikiforovFA.Sprint5.Task0.V19", "Tyuiu.NikiforovFA.Sprint5.Task0.V19\Tyuiu.NikiforovFA.Sprint5.Task0.V19.csproj", "{44397775-4DDE-45C9-BEA0-359480C03E8A}"
EndProject
Project("{9A19103F-16F7-4668-BE54-9A1E7A4F7556}") = "Tyuiu.NikiforovFA.Sprint5.Task0.V19.Lib", "Tyuiu.NikiforovFA.Sprint5.Task0.V19.Lib\Tyuiu.NikiforovFA.Sprint5.Task0.V19.Lib.csproj", "{CD2FD510-F036-4363-8862-86A007F99158}"
EndProject
Project("{9A19103F-16F7-4668-BE54-9A1E7A4F7556}") = "Tyuiu.NikiforovFA.Sprint5.Task0.V19.Test", "Tyuiu.NikiforovFA.Sprint5.Task0.V19.Test\Tyuiu.NikiforovFA.Sprint5.Task0.V19.Test.csproj", "{14536F51-E858-461E-BCDF-1CBFBD5C4A06}"
EndProject
Project("{2150E333-8FDC-42A3-9474-1A3956D46DE8}") = "Task1", "Task1", "{B79DCCF3-B4C3-49D2-B061-7E544777B22A}"
EndProject
Project("{9A19103F-16F7-4668-BE54-9A1E7A4F7556}") = "Tyuiu.NikiforovFA.Sprint5.Task1.V2", "Tyuiu.NikiforovFA.Sprint5.Task1.V2\Tyuiu.NikiforovFA.Sprint5.Task1.V2.csproj", "{6B8CE2F1-3E7C-49CF-BF61-59BE6529F625}"
EndProject
Project("{9A19103F-16F7-4668-BE54-9A1E7A4F7556}") = "Tyuiu.NikiforovFA.Sprint5.Task1.V2.Lib", "Tyuiu.NikiforovFA.Sprint5.Task1.V2.Lib\Tyuiu.NikiforovFA.Sprint5.Task1.V2.Lib.csproj", "{52BDABB8-5B15-4395-91C9-F7AAEF241830}"
EndProject
Project("{9A19103F-16F7-4668-BE54-9A1E7A4F7556}") = "Tyuiu.NikiforovFA.Sprint5.Task1.V2.Test", "Tyuiu.NikiforovFA.Sprint5.Task1.V2.Test\Tyuiu.NikiforovFA.Sprint5.Task1.V2.Test.csproj", "{62060A99-375F-40E1-8CF2-5E5C74EA5304}"
EndProject
Project("{2150E333-8FDC-42A3-9474-1A3956D46DE8}") = "Task2", "Task2", "{73675CEB-30FA-4D96-B533-310C75430354}"
EndProject
Project("{9A19103F-16F7-4668-BE54-9A1E7A4F7556}") = "Tyuiu.NikiforovFA.Sprint5.Task2.V3.Lib", "Tyuiu.NikiforovFA.Sprint5.Task2.V3.Lib\Tyuiu.NikiforovFA.Sprint5.Task2.V3.Lib.csproj", "{FC98A98B-AF1A-4AB0-9C90-0C3BED7AA5CA}"
EndProject
Project("{9A19103F-16F7-4668-BE54-9A1E7A4F7556}") = "Tyuiu.NikiforovFA.Sprint5.Task2.V3.Test", "Tyuiu.NikiforovFA.Sprint5.Task2.V3.Test\Tyuiu.NikiforovFA.Sprint5.Task2.V3.Test.csproj", "{7E9CA8AA-FA18-49A4-BCCD-2E53C4465E43}"
EndProject
Project("{9A19103F-16F7-4668-BE54-9A1E7A4F7556}") = "Tyuiu.NikiforovFA.Sprint5.Task2.V3", "Tyuiu.NikiforovFA.Sprint5.Task2.V3\Tyuiu.NikiforovFA.Sprint5.Task2.V3.csproj", "{6941A53E-93DB-4046-A141-3E52CCB50889}"
EndProject
Project("{2150E333-8FDC-42A3-9474-1A3956D46DE8}") = "Task3", "Task3", "{DA38C23F-8CD9-405E-A552-1C070C4F6096}"
EndProject
Project("{9A19103F-16F7-4668-BE54-9A1E7A4F7556}") = "Tyuiu.NikiforovFA.Sprint5.Task3.V1", "Tyuiu.NikiforovFA.Sprint5.Task3.V1\Tyuiu.NikiforovFA.Sprint5.Task3.V1.csproj", "{5400C04F-32B1-479B-9C22-71192484A892}"
EndProject
Project("{9A19103F-16F7-4668-BE54-9A1E7A4F7556}") = "Tyuiu.NikiforovFA.Sprint5.Task3.V1.Lib", "Tyuiu.NikiforovFA.Sprint5.Task3.V1.Lib\Tyuiu.NikiforovFA.Sprint5.Task3.V1.Lib.csproj", "{166A2B59-0FFB-48C8-AD8A-43B7B61FA7FE}"
EndProject
Project("{9A19103F-16F7-4668-BE54-9A1E7A4F7556}") = "Tyuiu.NikiforovFA.Sprint5.Task3.V1.Test", "Tyuiu.NikiforovFA.Sprint5.Task3.V1.Test\Tyuiu.NikiforovFA.Sprint5.Task3.V1.Test.csproj", "{24BD0EA1-DEE7-450C-B2E4-CA67711EC11E}"
EndProject
Project("{2150E333-8FDC-42A3-9474-1A3956D46DE8}") = "Task4", "Task4", "{C877FDF1-73A1-4F28-8569-2BD65D1BAB1E}"
EndProject
Project("{9A19103F-16F7-4668-BE54-9A1E7A4F7556}") = "Tyuiu.NikiforovFA.Sprint5.Task4.V14", "Tyuiu.NikiforovFA.Sprint5.Task4.V14\Tyuiu.NikiforovFA.Sprint5.Task4.V14.csproj", "{375E0528-CE2B-4A22-9DF8-406640A151BD}"
EndProject
Project("{9A19103F-16F7-4668-BE54-9A1E7A4F7556}") = "Tyuiu.NikiforovFA.Sprint5.Task4.V14.Lib", "Tyuiu.NikiforovFA.Sprint5.Task4.V14.Lib\Tyuiu.NikiforovFA.Sprint5.Task4.V14.Lib.csproj", "{48AB2E00-5D0A-488F-89F5-86DFF0C02676}"
EndProject
Project("{9A19103F-16F7-4668-BE54-9A1E7A4F7556}") = "Tyuiu.NikiforovFA.Sprint5.Task4.V14.Test", "Tyuiu.NikiforovFA.Sprint5.Task4.V14.Test\Tyuiu.NikiforovFA.Sprint5.Task4.V14.Test.csproj", "{09377879-9FE7-44BF-A80A-959E56D12913}"
EndProject
Project("{2150E333-8FDC-42A3-9474-1A3956D46DE8}") = "Task5", "Task5", "{6A1F7621-ECA1-4AF5-97A1-8B34AFE3222D}"
EndProject
Project("{9A19103F-16F7-4668-BE54-9A1E7A4F7556}") = "Tyuiu.NikiforovFA.Sprint5.Task5.V8.Test", "Tyuiu.NikiforovFA.Sprint5.Task5.V8.Test\Tyuiu.NikiforovFA.Sprint5.Task5.V8.Test.csproj", "{1E66210A-BE41-4A60-BC99-60CD01D8E8F6}"
EndProject
Project("{9A19103F-16F7-4668-BE54-9A1E7A4F7556}") = "Tyuiu.NikiforovFA.Sprint5.Task5.V8", "Tyuiu.NikiforovFA.Sprint5.Task5.V8\Tyuiu.NikiforovFA.Sprint5.Task5.V8.csproj", "{EE3CFFD8-76EC-4A94-901F-BEC999C85D56}"
EndProject
Project("{9A19103F-16F7-4668-BE54-9A1E7A4F7556}") = "Tyuiu.NikiforovFA.Sprint5.Task5.V8.Lib", "Tyuiu.NikiforovFA.Sprint5.Task5.V8.Lib\Tyuiu.NikiforovFA.Sprint5.Task5.V8.Lib.csproj", "{E13B0DB9-B5F7-4FAA-B2B5-DEBBE9E9F62A}"
EndProject
Project("{2150E333-8FDC-42A3-9474-1A3956D46DE8}") = "Task6", "Task6", "{480166FA-613B-4657-8FC1-E00A9B52281D}"
EndProject
Project("{9A19103F-16F7-4668-BE54-9A1E7A4F7556}") = "Tyuiu.NikiforovFA.Sprint5.Task6.V18.Lib", "Tyuiu.NikiforovFA.Sprint5.Task6.V18.Lib\Tyuiu.NikiforovFA.Sprint5.Task6.V18.Lib.csproj", "{130E3BAA-AA1A-4DD5-AF25-98D239A442FD}"
EndProject
Project("{9A19103F-16F7-4668-BE54-9A1E7A4F7556}") = "Tyuiu.NikiforovFA.Sprint5.Task6.V18", "Tyuiu.NikiforovFA.Sprint5.Task6.V18\Tyuiu.NikiforovFA.Sprint5.Task6.V18.csproj", "{9816DBB2-40CF-4041-8300-5E95EE358070}"
EndProject
Project("{9A19103F-16F7-4668-BE54-9A1E7A4F7556}") = "Tyuiu.NikiforovFA.Sprint5.Task6.V18.Test", "Tyuiu.NikiforovFA.Sprint5.Task6.V18.Test\Tyuiu.NikiforovFA.Sprint5.Task6.V18.Test.csproj", "{BEC48B22-9615-4BB4-81A0-631047824A16}"
EndProject
Project("{2150E333-8FDC-42A3-9474-1A3956D46DE8}") = "Task7", "Task7", "{1078EF58-1408-43C1-A8EF-DE2826308DAB}"
EndProject
Project("{FAE04EC0-301F-11D3-BF4B-00C04F79EFBC}") = "Tyuiu.NikiforovFA.Sprint5.Task7.V29.Test", "Tyuiu.NikiforovFA.Sprint5.Task7.V29.Test\Tyuiu.NikiforovFA.Sprint5.Task7.V29.Test.csproj", "{A420762A-2443-41C4-858C-481A04D09C4F}"
EndProject
Project("{FAE04EC0-301F-11D3-BF4B-00C04F79EFBC}") = "Tyuiu.NikiforovFA.Sprint5.Task7.V29.Lib", "Tyuiu.NikiforovFA.Sprint5.Task7.V29.Lib\Tyuiu.NikiforovFA.Sprint5.Task7.V29.Lib.csproj", "{44C6B3F5-B9AF-4FC7-8ACF-D54D38CF207A}"
EndProject
Project("{FAE04EC0-301F-11D3-BF4B-00C04F79EFBC}") = "Tyuiu.NikiforovFA.Sprint5.Task7.V29", "Tyuiu.NikiforovFA.Sprint5.Task7.V29\Tyuiu.NikiforovFA.Sprint5.Task7.V29.csproj", "{DF387B49-3D94-4A64-95F6-8671EB9124A9}"
EndProject
Global
	GlobalSection(SolutionConfigurationPlatforms) = preSolution
		Debug|Any CPU = Debug|Any CPU
		Release|Any CPU = Release|Any CPU
	EndGlobalSection
	GlobalSection(ProjectConfigurationPlatforms) = postSolution
		{44397775-4DDE-45C9-BEA0-359480C03E8A}.Debug|Any CPU.ActiveCfg = Debug|Any CPU
		{44397775-4DDE-45C9-BEA0-359480C03E8A}.Debug|Any CPU.Build.0 = Debug|Any CPU
		{44397775-4DDE-45C9-BEA0-359480C03E8A}.Release|Any CPU.ActiveCfg = Release|Any CPU
		{44397775-4DDE-45C9-BEA0-359480C03E8A}.Release|Any CPU.Build.0 = Release|Any CPU
		{CD2FD510-F036-4363-8862-86A007F99158}.Debug|Any CPU.ActiveCfg = Debug|Any CPU
		{CD2FD510-F036-4363-8862-86A007F99158}.Debug|Any CPU.Build.0 = Debug|Any CPU
		{CD2FD510-F036-4363-8862-86A007F99158}.Release|Any CPU.ActiveCfg = Release|Any CPU
		{CD2FD510-F036-4363-8862-86A007F99158}.Release|Any CPU.Build.0 = Release|Any CPU
		{14536F51-E858-461E-BCDF-1CBFBD5C4A06}.Debug|Any CPU.ActiveCfg = Debug|Any CPU
		{14536F51-E858-461E-BCDF-1CBFBD5C4A06}.Debug|Any CPU.Build.0 = Debug|Any CPU
		{14536F51-E858-461E-BCDF-1CBFBD5C4A06}.Release|Any CPU.ActiveCfg = Release|Any CPU
		{14536F51-E858-461E-BCDF-1CBFBD5C4A06}.Release|Any CPU.Build.0 = Release|Any CPU
		{6B8CE2F1-3E7C-49CF-BF61-59BE6529F625}.Debug|Any CPU.ActiveCfg = Debug|Any CPU
		{6B8CE2F1-3E7C-49CF-BF61-59BE6529F625}.Debug|Any CPU.Build.0 = Debug|Any CPU
		{6B8CE2F1-3E7C-49CF-BF61-59BE6529F625}.Release|Any CPU.ActiveCfg = Release|Any CPU
		{6B8CE2F1-3E7C-49CF-BF61-59BE6529F625}.Release|Any CPU.Build.0 = Release|Any CPU
		{52BDABB8-5B15-4395-91C9-F7AAEF241830}.Debug|Any CPU.ActiveCfg = Debug|Any CPU
		{52BDABB8-5B15-4395-91C9-F7AAEF241830}.Debug|Any CPU.Build.0 = Debug|Any CPU
		{52BDABB8-5B15-4395-91C9-F7AAEF241830}.Release|Any CPU.ActiveCfg = Release|Any CPU
		{52BDABB8-5B15-4395-91C9-F7AAEF241830}.Release|Any CPU.Build.0 = Release|Any CPU
		{62060A99-375F-40E1-8CF2-5E5C74EA5304}.Debug|Any CPU.ActiveCfg = Debug|Any CPU
		{62060A99-375F-40E1-8CF2-5E5C74EA5304}.Debug|Any CPU.Build.0 = Debug|Any CPU
		{62060A99-375F-40E1-8CF2-5E5C74EA5304}.Release|Any CPU.ActiveCfg = Release|Any CPU
		{62060A99-375F-40E1-8CF2-5E5C74EA5304}.Release|Any CPU.Build.0 = Release|Any CPU
		{FC98A98B-AF1A-4AB0-9C90-0C3BED7AA5CA}.Debug|Any CPU.ActiveCfg = Debug|Any CPU
		{FC98A98B-AF1A-4AB0-9C90-0C3BED7AA5CA}.Debug|Any CPU.Build.0 = Debug|Any CPU
		{FC98A98B-AF1A-4AB0-9C90-0C3BED7AA5CA}.Release|Any CPU.ActiveCfg = Release|Any CPU
		{FC98A98B-AF1A-4AB0-9C90-0C3BED7AA5CA}.Release|Any CPU.Build.0 = Release|Any CPU
		{7E9CA8AA-FA18-49A4-BCCD-2E53C4465E43}.Debug|Any CPU.ActiveCfg = Debug|Any CPU
		{7E9CA8AA-FA18-49A4-BCCD-2E53C4465E43}.Debug|Any CPU.Build.0 = Debug|Any CPU
		{7E9CA8AA-FA18-49A4-BCCD-2E53C4465E43}.Release|Any CPU.ActiveCfg = Release|Any CPU
		{7E9CA8AA-FA18-49A4-BCCD-2E53C4465E43}.Release|Any CPU.Build.0 = Release|Any CPU
		{6941A53E-93DB-4046-A141-3E52CCB50889}.Debug|Any CPU.ActiveCfg = Debug|Any CPU
		{6941A53E-93DB-4046-A141-3E52CCB50889}.Debug|Any CPU.Build.0 = Debug|Any CPU
		{6941A53E-93DB-4046-A141-3E52CCB50889}.Release|Any CPU.ActiveCfg = Release|Any CPU
		{6941A53E-93DB-4046-A141-3E52CCB50889}.Release|Any CPU.Build.0 = Release|Any CPU
		{5400C04F-32B1-479B-9C22-71192484A892}.Debug|Any CPU.ActiveCfg = Debug|Any CPU
		{5400C04F-32B1-479B-9C22-71192484A892}.Debug|Any CPU.Build.0 = Debug|Any CPU
		{5400C04F-32B1-479B-9C22-71192484A892}.Release|Any CPU.ActiveCfg = Release|Any CPU
		{5400C04F-32B1-479B-9C22-71192484A892}.Release|Any CPU.Build.0 = Release|Any CPU
		{166A2B59-0FFB-48C8-AD8A-43B7B61FA7FE}.Debug|Any CPU.ActiveCfg = Debug|Any CPU
		{166A2B59-0FFB-48C8-AD8A-43B7B61FA7FE}.Debug|Any CPU.Build.0 = Debug|Any CPU
		{166A2B59-0FFB-48C8-AD8A-43B7B61FA7FE}.Release|Any CPU.ActiveCfg = Release|Any CPU
		{166A2B59-0FFB-48C8-AD8A-43B7B61FA7FE}.Release|Any CPU.Build.0 = Release|Any CPU
		{24BD0EA1-DEE7-450C-B2E4-CA67711EC11E}.Debug|Any CPU.ActiveCfg = Debug|Any CPU
		{24BD0EA1-DEE7-450C-B2E4-CA67711EC11E}.Debug|Any CPU.Build.0 = Debug|Any CPU
		{24BD0EA1-DEE7-450C-B2E4-CA67711EC11E}.Release|Any CPU.ActiveCfg = Release|Any CPU
		{24BD0EA1-DEE7-450C-B2E4-CA67711EC11E}.Release|Any CPU.Build.0 = Release|Any CPU
		{375E0528-CE2B-4A22-9DF8-406640A151BD}.Debug|Any CPU.ActiveCfg = Debug|Any CPU
		{375E0528-CE2B-4A22-9DF8-406640A151BD}.Debug|Any CPU.Build.0 = Debug|Any CPU
		{375E0528-CE2B-4A22-9DF8-406640A151BD}.Release|Any CPU.ActiveCfg = Release|Any CPU
		{375E0528-CE2B-4A22-9DF8-406640A151BD}.Release|Any CPU.Build.0 = Release|Any CPU
		{48AB2E00-5D0A-488F-89F5-86DFF0C02676}.Debug|Any CPU.ActiveCfg = Debug|Any CPU
		{48AB2E00-5D0A-488F-89F5-86DFF0C02676}.Debug|Any CPU.Build.0 = Debug|Any CPU
		{48AB2E00-5D0A-488F-89F5-86DFF0C02676}.Release|Any CPU.ActiveCfg = Release|Any CPU
		{48AB2E00-5D0A-488F-89F5-86DFF0C02676}.Release|Any CPU.Build.0 = Release|Any CPU
		{09377879-9FE7-44BF-A80A-959E56D12913}.Debug|Any CPU.ActiveCfg = Debug|Any CPU
		{09377879-9FE7-44BF-A80A-959E56D12913}.Debug|Any CPU.Build.0 = Debug|Any CPU
		{09377879-9FE7-44BF-A80A-959E56D12913}.Release|Any CPU.ActiveCfg = Release|Any CPU
		{09377879-9FE7-44BF-A80A-959E56D12913}.Release|Any CPU.Build.0 = Release|Any CPU
		{1E66210A-BE41-4A60-BC99-60CD01D8E8F6}.Debug|Any CPU.ActiveCfg = Debug|Any CPU
		{1E66210A-BE41-4A60-BC99-60CD01D8E8F6}.Debug|Any CPU.Build.0 = Debug|Any CPU
		{1E66210A-BE41-4A60-BC99-60CD01D8E8F6}.Release|Any CPU.ActiveCfg = Release|Any CPU
		{1E66210A-BE41-4A60-BC99-60CD01D8E8F6}.Release|Any CPU.Build.0 = Release|Any CPU
		{EE3CFFD8-76EC-4A94-901F-BEC999C85D56}.Debug|Any CPU.ActiveCfg = Debug|Any CPU
		{EE3CFFD8-76EC-4A94-901F-BEC999C85D56}.Debug|Any CPU.Build.0 = Debug|Any CPU
		{EE3CFFD8-76EC-4A94-901F-BEC999C85D56}.Release|Any CPU.ActiveCfg = Release|Any CPU
		{EE3CFFD8-76EC-4A94-901F-BEC999C85D56}.Release|Any CPU.Build.0 = Release|Any CPU
		{E13B0DB9-B5F7-4FAA-B2B5-DEBBE9E9F62A}.Debug|Any CPU.ActiveCfg = Debug|Any CPU
		{E13B0DB9-B5F7-4FAA-B2B5-DEBBE9E9F62A}.Debug|Any CPU.Build.0 = Debug|Any CPU
		{E13B0DB9-B5F7-4FAA-B2B5-DEBBE9E9F62A}.Release|Any CPU.ActiveCfg = Release|Any CPU
		{E13B0DB9-B5F7-4FAA-B2B5-DEBBE9E9F62A}.Release|Any CPU.Build.0 = Release|Any CPU
		{130E3BAA-AA1A-4DD5-AF25-98D239A442FD}.Debug|Any CPU.ActiveCfg = Debug|Any CPU
		{130E3BAA-AA1A-4DD5-AF25-98D239A442FD}.Debug|Any CPU.Build.0 = Debug|Any CPU
		{130E3BAA-AA1A-4DD5-AF25-98D239A442FD}.Release|Any CPU.ActiveCfg = Release|Any CPU
		{130E3BAA-AA1A-4DD5-AF25-98D239A442FD}.Release|Any CPU.Build.0 = Release|Any CPU
		{9816DBB2-40CF-4041-8300-5E95EE358070}.Debug|Any CPU.ActiveCfg = Debug|Any CPU
		{9816DBB2-40CF-4041-8300-5E95EE358070}.Debug|Any CPU.Build.0 = Debug|Any CPU
		{9816DBB2-40CF-4041-8300-5E95EE358070}.Release|Any CPU.ActiveCfg = Release|Any CPU
		{9816DBB2-40CF-4041-8300-5E95EE358070}.Release|Any CPU.Build.0 = Release|Any CPU
		{BEC48B22-9615-4BB4-81A0-631047824A16}.Debug|Any CPU.ActiveCfg = Debug|Any CPU
		{BEC48B22-9615-4BB4-81A0-631047824A16}.Debug|Any CPU.Build.0 = Debug|Any CPU
		{BEC48B22-9615-4BB4-81A0-631047824A16}.Release|Any CPU.ActiveCfg = Release|Any CPU
		{BEC48B22-9615-4BB4-81A0-631047824A16}.Release|Any CPU.Build.0 = Release|Any CPU
		{A420762A-2443-41C4-858C-481A04D09C4F}.Debug|Any CPU.ActiveCfg = Debug|Any CPU
		{A420762A-2443-41C4-858C-481A04D09C4F}.Debug|Any CPU.Build.0 = Debug|Any CPU
		{A420762A-2443-41C4-858C-481A04D09C4F}.Release|Any CPU.ActiveCfg = Release|Any CPU
		{A420762A-2443-41C4-858C-481A04D09C4F}.Release|Any CPU.Build.0 = Release|Any CPU
		{44C6B3F5-B9AF-4FC7-8ACF-D54D38CF207A}.Debug|Any CPU.ActiveCfg = Debug|Any CPU
		{44C6B3F5-B9AF-4FC7-8ACF-D54D38CF207A}.Debug|Any CPU.Build.0 = Debug|Any CPU
		{44C6B3F5-B9AF-4FC7-8ACF-D54D38CF207A}.Release|Any CPU.ActiveCfg = Release|Any CPU
		{44C6B3F5-B9AF-4FC7-8ACF-D54D38CF207A}.Release|Any CPU.Build.0 = Release|Any CPU
		{DF387B49-3D94-4A64-95F6-8671EB9124A9}.Debug|Any CPU.ActiveCfg = Debug|Any CPU
		{DF387B49-3D94-4A64-95F6-8671EB9124A9}.Debug|Any CPU.Build.0 = Debug|Any CPU
		{DF387B49-3D94-4A64-95F6-8671EB9124A9}.Release|Any CPU.ActiveCfg = Release|Any CPU
		{DF387B49-3D94-4A64-95F6-8671EB9124A9}.Release|Any CPU.Build.0 = Release|Any CPU
	EndGlobalSection
	GlobalSection(SolutionProperties) = preSolution
		HideSolutionNode = FALSE
	EndGlobalSection
	GlobalSection(NestedProjects) = preSolution
		{44397775-4DDE-45C9-BEA0-359480C03E8A} = {835E0CE9-3C84-48C9-9C0D-229B2E610B3D}
		{CD2FD510-F036-4363-8862-86A007F99158} = {835E0CE9-3C84-48C9-9C0D-229B2E610B3D}
		{14536F51-E858-461E-BCDF-1CBFBD5C4A06} = {835E0CE9-3C84-48C9-9C0D-229B2E610B3D}
		{6B8CE2F1-3E7C-49CF-BF61-59BE6529F625} = {B79DCCF3-B4C3-49D2-B061-7E544777B22A}
		{52BDABB8-5B15-4395-91C9-F7AAEF241830} = {B79DCCF3-B4C3-49D2-B061-7E544777B22A}
		{62060A99-375F-40E1-8CF2-5E5C74EA5304} = {B79DCCF3-B4C3-49D2-B061-7E544777B22A}
		{FC98A98B-AF1A-4AB0-9C90-0C3BED7AA5CA} = {73675CEB-30FA-4D96-B533-310C75430354}
		{7E9CA8AA-FA18-49A4-BCCD-2E53C4465E43} = {73675CEB-30FA-4D96-B533-310C75430354}
		{6941A53E-93DB-4046-A141-3E52CCB50889} = {73675CEB-30FA-4D96-B533-310C75430354}
		{5400C04F-32B1-479B-9C22-71192484A892} = {DA38C23F-8CD9-405E-A552-1C070C4F6096}
		{166A2B59-0FFB-48C8-AD8A-43B7B61FA7FE} = {DA38C23F-8CD9-405E-A552-1C070C4F6096}
		{24BD0EA1-DEE7-450C-B2E4-CA67711EC11E} = {DA38C23F-8CD9-405E-A552-1C070C4F6096}
		{375E0528-CE2B-4A22-9DF8-406640A151BD} = {C877FDF1-73A1-4F28-8569-2BD65D1BAB1E}
		{48AB2E00-5D0A-488F-89F5-86DFF0C02676} = {C877FDF1-73A1-4F28-8569-2BD65D1BAB1E}
		{09377879-9FE7-44BF-A80A-959E56D12913} = {C877FDF1-73A1-4F28-8569-2BD65D1BAB1E}
		{1E66210A-BE41-4A60-BC99-60CD01D8E8F6} = {6A1F7621-ECA1-4AF5-97A1-8B34AFE3222D}
		{EE3CFFD8-76EC-4A94-901F-BEC999C85D56} = {6A1F7621-ECA1-4AF5-97A1-8B34AFE3222D}
		{E13B0DB9-B5F7-4FAA-B2B5-DEBBE9E9F62A} = {6A1F7621-ECA1-4AF5-97A1-8B34AFE3222D}
		{130E3BAA-AA1A-4DD5-AF25-98D239A442FD} = {480166FA-613B-4657-8FC1-E00A9B52281D}
		{9816DBB2-40CF-4041-8300-5E95EE358070} = {480166FA-613B-4657-8FC1-E00A9B52281D}
		{BEC48B22-9615-4BB4-81A0-631047824A16} = {480166FA-613B-4657-8FC1-E00A9B52281D}
		{A420762A-2443-41C4-858C-481A04D09C4F} = {1078EF58-1408-43C1-A8EF-DE2826308DAB}
		{44C6B3F5-B9AF-4FC7-8ACF-D54D38CF207A} = {1078EF58-1408-43C1-A8EF-DE2826308DAB}
		{DF387B49-3D94-4A64-95F6-8671EB9124A9} = {1078EF58-1408-43C1-A8EF-DE2826308DAB}
	EndGlobalSection
	GlobalSection(ExtensibilityGlobals) = postSolution
		SolutionGuid = {BC660F50-CB54-46F8-B39F-F324EC50F65D}
	EndGlobalSection
EndGlobal
