
Microsoft Visual Studio Solution File, Format Version 12.00
# Visual Studio Version 17
VisualStudioVersion = 17.11.35303.130
MinimumVisualStudioVersion = 10.0.40219.1
Project("{2150E333-8FDC-42A3-9474-1A3956D46DE8}") = "Task0", "Task0", "{835E0CE9-3C84-48C9-9C0D-229B2E610B3D}"
EndProject
Project("{9A19103F-16F7-4668-BE54-9A1E7A4F7556}") = "Tyuiu.NikiforovFA.Sprint5.Task0.V19", "Tyuiu.NikiforovFA.Sprint5.Task0.V19\Tyuiu.NikiforovFA.Sprint5.Task0.V19.csproj", "{44397775-4DDE-45C9-BEA0-359480C03E8A}"
EndProject
Project("{9A19103F-16F7-4668-BE54-9A1E7A4F7556}") = "Tyuiu.NikiforovFA.Sprint5.Task0.V19.Lib", "Tyuiu.NikiforovFA.Sprint5.Task0.V19.Lib\Tyuiu.NikiforovFA.Sprint5.Task0.V19.Lib.csproj", "{CD2FD510-F036-4363-8862-86A007F99158}"
EndProject
Project("{9A19103F-16F7-4668-BE54-9A1E7A4F7556}") = "Tyuiu.NikiforovFA.Sprint5.Task0.V19.Test", "Tyuiu.NikiforovFA.Sprint5.Task0.V19.Test\Tyuiu.NikiforovFA.Sprint5.Task0.V19.Test.csproj", "{14536F51-E858-461E-BCDF-1CBFBD5C4A06}"
EndProject
Project("{2150E333-8FDC-42A3-9474-1A3956D46DE8}") = "Task1", "Task1", "{B79DCCF3-B4C3-49D2-B061-7E544777B22A}"
EndProject
Project("{FAE04EC0-301F-11D3-BF4B-00C04F79EFBC}") = "Tyuiu.NikiforovFA.Sprint5.Task1.V2", "Tyuiu.NikiforovFA.Sprint5.Task1.V2\Tyuiu.NikiforovFA.Sprint5.Task1.V2.csproj", "{6B8CE2F1-3E7C-49CF-BF61-59BE6529F625}"
EndProject
Project("{FAE04EC0-301F-11D3-BF4B-00C04F79EFBC}") = "Tyuiu.NikiforovFA.Sprint5.Task1.V2.Lib", "Tyuiu.NikiforovFA.Sprint5.Task1.V2.Lib\Tyuiu.NikiforovFA.Sprint5.Task1.V2.Lib.csproj", "{52BDABB8-5B15-4395-91C9-F7AAEF241830}"
EndProject
Project("{FAE04EC0-301F-11D3-BF4B-00C04F79EFBC}") = "Tyuiu.NikiforovFA.Sprint5.Task1.V2.Test", "Tyuiu.NikiforovFA.Sprint5.Task1.V2.Test\Tyuiu.NikiforovFA.Sprint5.Task1.V2.Test.csproj", "{62060A99-375F-40E1-8CF2-5E5C74EA5304}"
EndProject
Global
	GlobalSection(SolutionConfigurationPlatforms) = preSolution
		Debug|Any CPU = Debug|Any CPU
		Release|Any CPU = Release|Any CPU
	EndGlobalSection
	GlobalSection(ProjectConfigurationPlatforms) = postSolution
		{44397775-4DDE-45C9-BEA0-359480C03E8A}.Debug|Any CPU.ActiveCfg = Debug|Any CPU
		{44397775-4DDE-45C9-BEA0-359480C03E8A}.Debug|Any CPU.Build.0 = Debug|Any CPU
		{44397775-4DDE-45C9-BEA0-359480C03E8A}.Release|Any CPU.ActiveCfg = Release|Any CPU
		{44397775-4DDE-45C9-BEA0-359480C03E8A}.Release|Any CPU.Build.0 = Release|Any CPU
		{CD2FD510-F036-4363-8862-86A007F99158}.Debug|Any CPU.ActiveCfg = Debug|Any CPU
		{CD2FD510-F036-4363-8862-86A007F99158}.Debug|Any CPU.Build.0 = Debug|Any CPU
		{CD2FD510-F036-4363-8862-86A007F99158}.Release|Any CPU.ActiveCfg = Release|Any CPU
		{CD2FD510-F036-4363-8862-86A007F99158}.Release|Any CPU.Build.0 = Release|Any CPU
		{14536F51-E858-461E-BCDF-1CBFBD5C4A06}.Debug|Any CPU.ActiveCfg = Debug|Any CPU
		{14536F51-E858-461E-BCDF-1CBFBD5C4A06}.Debug|Any CPU.Build.0 = Debug|Any CPU
		{14536F51-E858-461E-BCDF-1CBFBD5C4A06}.Release|Any CPU.ActiveCfg = Release|Any CPU
		{14536F51-E858-461E-BCDF-1CBFBD5C4A06}.Release|Any CPU.Build.0 = Release|Any CPU
		{6B8CE2F1-3E7C-49CF-BF61-59BE6529F625}.Debug|Any CPU.ActiveCfg = Debug|Any CPU
		{6B8CE2F1-3E7C-49CF-BF61-59BE6529F625}.Debug|Any CPU.Build.0 = Debug|Any CPU
		{6B8CE2F1-3E7C-49CF-BF61-59BE6529F625}.Release|Any CPU.ActiveCfg = Release|Any CPU
		{6B8CE2F1-3E7C-49CF-BF61-59BE6529F625}.Release|Any CPU.Build.0 = Release|Any CPU
		{52BDABB8-5B15-4395-91C9-F7AAEF241830}.Debug|Any CPU.ActiveCfg = Debug|Any CPU
		{52BDABB8-5B15-4395-91C9-F7AAEF241830}.Debug|Any CPU.Build.0 = Debug|Any CPU
		{52BDABB8-5B15-4395-91C9-F7AAEF241830}.Release|Any CPU.ActiveCfg = Release|Any CPU
		{52BDABB8-5B15-4395-91C9-F7AAEF241830}.Release|Any CPU.Build.0 = Release|Any CPU
		{62060A99-375F-40E1-8CF2-5E5C74EA5304}.Debug|Any CPU.ActiveCfg = Debug|Any CPU
		{62060A99-375F-40E1-8CF2-5E5C74EA5304}.Debug|Any CPU.Build.0 = Debug|Any CPU
		{62060A99-375F-40E1-8CF2-5E5C74EA5304}.Release|Any CPU.ActiveCfg = Release|Any CPU
		{62060A99-375F-40E1-8CF2-5E5C74EA5304}.Release|Any CPU.Build.0 = Release|Any CPU
	EndGlobalSection
	GlobalSection(SolutionProperties) = preSolution
		HideSolutionNode = FALSE
	EndGlobalSection
	GlobalSection(NestedProjects) = preSolution
		{44397775-4DDE-45C9-BEA0-359480C03E8A} = {835E0CE9-3C84-48C9-9C0D-229B2E610B3D}
		{CD2FD510-F036-4363-8862-86A007F99158} = {835E0CE9-3C84-48C9-9C0D-229B2E610B3D}
		{14536F51-E858-461E-BCDF-1CBFBD5C4A06} = {835E0CE9-3C84-48C9-9C0D-229B2E610B3D}
		{6B8CE2F1-3E7C-49CF-BF61-59BE6529F625} = {B79DCCF3-B4C3-49D2-B061-7E544777B22A}
		{52BDABB8-5B15-4395-91C9-F7AAEF241830} = {B79DCCF3-B4C3-49D2-B061-7E544777B22A}
		{62060A99-375F-40E1-8CF2-5E5C74EA5304} = {B79DCCF3-B4C3-49D2-B061-7E544777B22A}
	EndGlobalSection
	GlobalSection(ExtensibilityGlobals) = postSolution
		SolutionGuid = {BC660F50-CB54-46F8-B39F-F324EC50F65D}
	EndGlobalSection
EndGlobal
